
Microsoft Visual Studio Solution File, Format Version 12.00
# Visual Studio Version 17
VisualStudioVersion = 17.11.35208.52
MinimumVisualStudioVersion = 10.0.40219.1
Project("{FAE04EC0-301F-11D3-BF4B-00C04F79EFBC}") = "ClinicaUTP", "ClinicaUTP\ClinicaUTP.csproj", "{CFC4E1EA-045D-4CC7-B88E-4E718B9411DE}"
EndProject
Global
	GlobalSection(SolutionConfigurationPlatforms) = preSolution
		Debug|Any CPU = Debug|Any CPU
		Release|Any CPU = Release|Any CPU
	EndGlobalSection
	GlobalSection(ProjectConfigurationPlatforms) = postSolution
		{CFC4E1EA-045D-4CC7-B88E-4E718B9411DE}.Debug|Any CPU.ActiveCfg = Debug|Any CPU
		{CFC4E1EA-045D-4CC7-B88E-4E718B9411DE}.Debug|Any CPU.Build.0 = Debug|Any CPU
		{CFC4E1EA-045D-4CC7-B88E-4E718B9411DE}.Debug|Any CPU.Deploy.0 = Debug|Any CPU
		{CFC4E1EA-045D-4CC7-B88E-4E718B9411DE}.Release|Any CPU.ActiveCfg = Release|Any CPU
		{CFC4E1EA-045D-4CC7-B88E-4E718B9411DE}.Release|Any CPU.Build.0 = Release|Any CPU
		{CFC4E1EA-045D-4CC7-B88E-4E718B9411DE}.Release|Any CPU.Deploy.0 = Release|Any CPU
	EndGlobalSection
	GlobalSection(SolutionProperties) = preSolution
		HideSolutionNode = FALSE
	EndGlobalSection
	GlobalSection(ExtensibilityGlobals) = postSolution
		SolutionGuid = {B370753A-FF52-407D-8278-029ED2DF7987}
	EndGlobalSection
EndGlobal
